
Microsoft Visual Studio Solution File, Format Version 12.00
# Visual Studio Version 16
VisualStudioVersion = 16.0.30128.74
MinimumVisualStudioVersion = 10.0.40219.1
Project("{9A19103F-16F7-4668-BE54-9A1E7A4F7556}") = "API", "src\API\API.csproj", "{D71B8F6A-A07B-4D16-9F7E-07567EFDDBD6}"
EndProject
Project("{9A19103F-16F7-4668-BE54-9A1E7A4F7556}") = "Domain", "src\Domain\Domain.csproj", "{A8208BCD-CB34-47D3-851D-B425F6B1F07B}"
EndProject
Project("{9A19103F-16F7-4668-BE54-9A1E7A4F7556}") = "Data", "src\Data\Data.csproj", "{A6D2A863-4729-488B-A1ED-EE12152F200D}"
EndProject
Project("{FAE04EC0-301F-11D3-BF4B-00C04F79EFBC}") = "Common", "src\Common\Common.csproj", "{65D480B2-9692-4B1C-AC16-DBC4C0BF60E9}"
EndProject
Project("{E53339B2-1760-4266-BCC7-CA923CBCF16C}") = "docker-compose", "src\docker-compose.dcproj", "{5FD419B5-6CCF-4E78-AF90-8AC4C25B7090}"
EndProject
Global
	GlobalSection(SolutionConfigurationPlatforms) = preSolution
		Debug|Any CPU = Debug|Any CPU
		Release|Any CPU = Release|Any CPU
	EndGlobalSection
	GlobalSection(ProjectConfigurationPlatforms) = postSolution
		{D71B8F6A-A07B-4D16-9F7E-07567EFDDBD6}.Debug|Any CPU.ActiveCfg = Debug|Any CPU
		{D71B8F6A-A07B-4D16-9F7E-07567EFDDBD6}.Debug|Any CPU.Build.0 = Debug|Any CPU
		{D71B8F6A-A07B-4D16-9F7E-07567EFDDBD6}.Release|Any CPU.ActiveCfg = Release|Any CPU
		{D71B8F6A-A07B-4D16-9F7E-07567EFDDBD6}.Release|Any CPU.Build.0 = Release|Any CPU
		{A8208BCD-CB34-47D3-851D-B425F6B1F07B}.Debug|Any CPU.ActiveCfg = Debug|Any CPU
		{A8208BCD-CB34-47D3-851D-B425F6B1F07B}.Debug|Any CPU.Build.0 = Debug|Any CPU
		{A8208BCD-CB34-47D3-851D-B425F6B1F07B}.Release|Any CPU.ActiveCfg = Release|Any CPU
		{A8208BCD-CB34-47D3-851D-B425F6B1F07B}.Release|Any CPU.Build.0 = Release|Any CPU
		{A6D2A863-4729-488B-A1ED-EE12152F200D}.Debug|Any CPU.ActiveCfg = Debug|Any CPU
		{A6D2A863-4729-488B-A1ED-EE12152F200D}.Debug|Any CPU.Build.0 = Debug|Any CPU
		{A6D2A863-4729-488B-A1ED-EE12152F200D}.Release|Any CPU.ActiveCfg = Release|Any CPU
		{A6D2A863-4729-488B-A1ED-EE12152F200D}.Release|Any CPU.Build.0 = Release|Any CPU
		{65D480B2-9692-4B1C-AC16-DBC4C0BF60E9}.Debug|Any CPU.ActiveCfg = Debug|Any CPU
		{65D480B2-9692-4B1C-AC16-DBC4C0BF60E9}.Debug|Any CPU.Build.0 = Debug|Any CPU
		{65D480B2-9692-4B1C-AC16-DBC4C0BF60E9}.Release|Any CPU.ActiveCfg = Release|Any CPU
		{65D480B2-9692-4B1C-AC16-DBC4C0BF60E9}.Release|Any CPU.Build.0 = Release|Any CPU
		{5FD419B5-6CCF-4E78-AF90-8AC4C25B7090}.Debug|Any CPU.ActiveCfg = Debug|Any CPU
		{5FD419B5-6CCF-4E78-AF90-8AC4C25B7090}.Debug|Any CPU.Build.0 = Debug|Any CPU
		{5FD419B5-6CCF-4E78-AF90-8AC4C25B7090}.Release|Any CPU.ActiveCfg = Release|Any CPU
		{5FD419B5-6CCF-4E78-AF90-8AC4C25B7090}.Release|Any CPU.Build.0 = Release|Any CPU
	EndGlobalSection
	GlobalSection(SolutionProperties) = preSolution
		HideSolutionNode = FALSE
	EndGlobalSection
	GlobalSection(ExtensibilityGlobals) = postSolution
		SolutionGuid = {5A9D5C2D-1738-4592-8272-E46A354E055E}
	EndGlobalSection
EndGlobal
